{
  "name": "awesome-js",
  "version": "1.0.0",
  "lockfileVersion": 2,
  "requires": true,
  "packages": {
    "": {
      "name": "awesome-js",
      "version": "1.0.0",
      "license": "ISC",
      "dependencies": {
        "hello-wasm": "file:../rust/pkg"
      }
    },
    "../rust/pkg": {
      "name": "hello-wasm",
      "version": "0.1.0"
    },
    "node_modules/hello-wasm": {
      "resolved": "../rust/pkg",
      "link": true
    }
  },
  "dependencies": {
    "hello-wasm": {
      "version": "file:../rust/pkg"
    }
  }
}
